
Microsoft Visual Studio Solution File, Format Version 12.00
# Visual Studio 14
VisualStudioVersion = 14.0.25420.1
MinimumVisualStudioVersion = 10.0.40219.1
Project("{FAE04EC0-301F-11D3-BF4B-00C04F79EFBC}") = "OnlineHealthcareManagementSystem", "LoginForm\OnlineHealthcareManagementSystem.csproj", "{BE532486-C1B2-4D57-B4D9-D195ED99543A}"
EndProject
Project("{FAE04EC0-301F-11D3-BF4B-00C04F79EFBC}") = "OnlineHealthcareManagement.BL", "OnlineHealthCareManagement.BL\OnlineHealthcareManagement.BL.csproj", "{9277693A-F9B4-4ECD-B21B-D20453CE5B44}"
EndProject
Project("{FAE04EC0-301F-11D3-BF4B-00C04F79EFBC}") = "OnlineHealthcareManagement.Common", "OnlieHealthCareManagement.Common\OnlineHealthcareManagement.Common.csproj", "{C4E55664-611B-4573-A1FD-06E75EAF164B}"
EndProject
Project("{FAE04EC0-301F-11D3-BF4B-00C04F79EFBC}") = "OnlineHealthcareManagement.DAL", "OnlieHealthcareManagement.DAL\OnlineHealthcareManagement.DAL.csproj", "{DCDFB17D-CD73-4CFB-A400-D4A91ED07C12}"
EndProject
Project("{FAE04EC0-301F-11D3-BF4B-00C04F79EFBC}") = "OnlineHealthcareManagement.Entity", "OnlieHealthcareManagement.Entity\OnlineHealthcareManagement.Entity.csproj", "{D4C7FA65-74AB-4C30-BA6B-88C5364DF684}"
EndProject
Global
	GlobalSection(SolutionConfigurationPlatforms) = preSolution
		Debug|Any CPU = Debug|Any CPU
		Release|Any CPU = Release|Any CPU
	EndGlobalSection
	GlobalSection(ProjectConfigurationPlatforms) = postSolution
		{BE532486-C1B2-4D57-B4D9-D195ED99543A}.Debug|Any CPU.ActiveCfg = Debug|Any CPU
		{BE532486-C1B2-4D57-B4D9-D195ED99543A}.Debug|Any CPU.Build.0 = Debug|Any CPU
		{BE532486-C1B2-4D57-B4D9-D195ED99543A}.Release|Any CPU.ActiveCfg = Release|Any CPU
		{BE532486-C1B2-4D57-B4D9-D195ED99543A}.Release|Any CPU.Build.0 = Release|Any CPU
		{9277693A-F9B4-4ECD-B21B-D20453CE5B44}.Debug|Any CPU.ActiveCfg = Debug|Any CPU
		{9277693A-F9B4-4ECD-B21B-D20453CE5B44}.Debug|Any CPU.Build.0 = Debug|Any CPU
		{9277693A-F9B4-4ECD-B21B-D20453CE5B44}.Release|Any CPU.ActiveCfg = Release|Any CPU
		{9277693A-F9B4-4ECD-B21B-D20453CE5B44}.Release|Any CPU.Build.0 = Release|Any CPU
		{C4E55664-611B-4573-A1FD-06E75EAF164B}.Debug|Any CPU.ActiveCfg = Debug|Any CPU
		{C4E55664-611B-4573-A1FD-06E75EAF164B}.Debug|Any CPU.Build.0 = Debug|Any CPU
		{C4E55664-611B-4573-A1FD-06E75EAF164B}.Release|Any CPU.ActiveCfg = Release|Any CPU
		{C4E55664-611B-4573-A1FD-06E75EAF164B}.Release|Any CPU.Build.0 = Release|Any CPU
		{DCDFB17D-CD73-4CFB-A400-D4A91ED07C12}.Debug|Any CPU.ActiveCfg = Debug|Any CPU
		{DCDFB17D-CD73-4CFB-A400-D4A91ED07C12}.Debug|Any CPU.Build.0 = Debug|Any CPU
		{DCDFB17D-CD73-4CFB-A400-D4A91ED07C12}.Release|Any CPU.ActiveCfg = Release|Any CPU
		{DCDFB17D-CD73-4CFB-A400-D4A91ED07C12}.Release|Any CPU.Build.0 = Release|Any CPU
		{D4C7FA65-74AB-4C30-BA6B-88C5364DF684}.Debug|Any CPU.ActiveCfg = Debug|Any CPU
		{D4C7FA65-74AB-4C30-BA6B-88C5364DF684}.Debug|Any CPU.Build.0 = Debug|Any CPU
		{D4C7FA65-74AB-4C30-BA6B-88C5364DF684}.Release|Any CPU.ActiveCfg = Release|Any CPU
		{D4C7FA65-74AB-4C30-BA6B-88C5364DF684}.Release|Any CPU.Build.0 = Release|Any CPU
	EndGlobalSection
	GlobalSection(SolutionProperties) = preSolution
		HideSolutionNode = FALSE
	EndGlobalSection
EndGlobal
